
Microsoft Visual Studio Solution File, Format Version 12.00
# Visual Studio Version 17
VisualStudioVersion = 17.11.35312.102
MinimumVisualStudioVersion = 10.0.40219.1
Project("{FAE04EC0-301F-11D3-BF4B-00C04F79EFBC}") = "ConsoleApp1", "ConsoleApp1\ConsoleApp1.csproj", "{015B4E40-B65B-4E8C-B093-AB704C828D01}"
EndProject
Global
	GlobalSection(SolutionConfigurationPlatforms) = preSolution
		Debug|Any CPU = Debug|Any CPU
		Release|Any CPU = Release|Any CPU
	EndGlobalSection
	GlobalSection(ProjectConfigurationPlatforms) = postSolution
		{015B4E40-B65B-4E8C-B093-AB704C828D01}.Debug|Any CPU.ActiveCfg = Debug|Any CPU
		{015B4E40-B65B-4E8C-B093-AB704C828D01}.Debug|Any CPU.Build.0 = Debug|Any CPU
		{015B4E40-B65B-4E8C-B093-AB704C828D01}.Release|Any CPU.ActiveCfg = Release|Any CPU
		{015B4E40-B65B-4E8C-B093-AB704C828D01}.Release|Any CPU.Build.0 = Release|Any CPU
	EndGlobalSection
	GlobalSection(SolutionProperties) = preSolution
		HideSolutionNode = FALSE
	EndGlobalSection
	GlobalSection(ExtensibilityGlobals) = postSolution
		SolutionGuid = {F2E3E3F2-2B3B-471D-A5FD-89EBFD84AB7C}
	EndGlobalSection
EndGlobal
