
Microsoft Visual Studio Solution File, Format Version 12.00
# Visual Studio Version 17
VisualStudioVersion = 17.11.35312.102
MinimumVisualStudioVersion = 10.0.40219.1
Project("{9A19103F-16F7-4668-BE54-9A1E7A4F7556}") = "lab2-3", "lab2-3\lab2-3.csproj", "{F56037A7-EA4C-4760-81E9-7C1DA6B77855}"
EndProject
Global
	GlobalSection(SolutionConfigurationPlatforms) = preSolution
		Debug|Any CPU = Debug|Any CPU
		Release|Any CPU = Release|Any CPU
	EndGlobalSection
	GlobalSection(ProjectConfigurationPlatforms) = postSolution
		{F56037A7-EA4C-4760-81E9-7C1DA6B77855}.Debug|Any CPU.ActiveCfg = Debug|Any CPU
		{F56037A7-EA4C-4760-81E9-7C1DA6B77855}.Debug|Any CPU.Build.0 = Debug|Any CPU
		{F56037A7-EA4C-4760-81E9-7C1DA6B77855}.Release|Any CPU.ActiveCfg = Release|Any CPU
		{F56037A7-EA4C-4760-81E9-7C1DA6B77855}.Release|Any CPU.Build.0 = Release|Any CPU
	EndGlobalSection
	GlobalSection(SolutionProperties) = preSolution
		HideSolutionNode = FALSE
	EndGlobalSection
	GlobalSection(ExtensibilityGlobals) = postSolution
		SolutionGuid = {1219C676-199D-497F-B707-B0D539C879DA}
	EndGlobalSection
EndGlobal
